
Microsoft Visual Studio Solution File, Format Version 12.00
# Visual Studio Version 17
VisualStudioVersion = 17.14.37012.4 d17.14
MinimumVisualStudioVersion = 10.0.40219.1
Project("{8BC9CEB8-8B4A-11D0-8D11-00A0C91BC942}") = "Lab3_Task3_deepseek", "Lab3_Task3_deepseek\Lab3_Task3_deepseek.vcxproj", "{7630E428-F75E-4445-BB06-1C95A8EADCB6}"
EndProject
Global
	GlobalSection(SolutionConfigurationPlatforms) = preSolution
		Debug|x64 = Debug|x64
		Debug|x86 = Debug|x86
		Release|x64 = Release|x64
		Release|x86 = Release|x86
	EndGlobalSection
	GlobalSection(ProjectConfigurationPlatforms) = postSolution
		{7630E428-F75E-4445-BB06-1C95A8EADCB6}.Debug|x64.ActiveCfg = Debug|x64
		{7630E428-F75E-4445-BB06-1C95A8EADCB6}.Debug|x64.Build.0 = Debug|x64
		{7630E428-F75E-4445-BB06-1C95A8EADCB6}.Debug|x86.ActiveCfg = Debug|Win32
		{7630E428-F75E-4445-BB06-1C95A8EADCB6}.Debug|x86.Build.0 = Debug|Win32
		{7630E428-F75E-4445-BB06-1C95A8EADCB6}.Release|x64.ActiveCfg = Release|x64
		{7630E428-F75E-4445-BB06-1C95A8EADCB6}.Release|x64.Build.0 = Release|x64
		{7630E428-F75E-4445-BB06-1C95A8EADCB6}.Release|x86.ActiveCfg = Release|Win32
		{7630E428-F75E-4445-BB06-1C95A8EADCB6}.Release|x86.Build.0 = Release|Win32
	EndGlobalSection
	GlobalSection(SolutionProperties) = preSolution
		HideSolutionNode = FALSE
	EndGlobalSection
	GlobalSection(ExtensibilityGlobals) = postSolution
		SolutionGuid = {72B73DE3-B321-4F1F-A50B-35E693BB469E}
	EndGlobalSection
EndGlobal
